// !$*UTF8*$!
{
	archiveVersion = 1;
	classes = {
	};
	objectVersion = 56;
	objects = {

/* Begin PBXBuildFile section */
		1574BB1E2D164C5D00D6C38E /* Tu_HikeApp.swift in Sources */ = {isa = PBXBuildFile; fileRef = 1574BB1D2D164C5D00D6C38E /* Tu_HikeApp.swift */; };
		1574BB202D164C5D00D6C38E /* ContentView.swift in Sources */ = {isa = PBXBuildFile; fileRef = 1574BB1F2D164C5D00D6C38E /* ContentView.swift */; };
		1574BB222D164C6000D6C38E /* Assets.xcassets in Resources */ = {isa = PBXBuildFile; fileRef = 1574BB212D164C6000D6C38E /* Assets.xcassets */; };
		1574BB252D164C6000D6C38E /* Preview Assets.xcassets in Resources */ = {isa = PBXBuildFile; fileRef = 1574BB242D164C6000D6C38E /* Preview Assets.xcassets */; };
		1574BB2E2D16554800D6C38E /* CardView.swift in Sources */ = {isa = PBXBuildFile; fileRef = 1574BB2D2D16554800D6C38E /* CardView.swift */; };
		1574BB312D16571D00D6C38E /* CustomBackgroundview.swift in Sources */ = {isa = PBXBuildFile; fileRef = 1574BB302D16571D00D6C38E /* CustomBackgroundview.swift */; };
		1574BB342D165E9F00D6C38E /* Color+Extention.swift in Sources */ = {isa = PBXBuildFile; fileRef = 1574BB332D165E9F00D6C38E /* Color+Extention.swift */; };
/* End PBXBuildFile section */

/* Begin PBXFileReference section */
		1574BB1A2D164C5D00D6C38E /* Tu Hike.app */ = {isa = PBXFileReference; explicitFileType = wrapper.application; includeInIndex = 0; path = "Tu Hike.app"; sourceTree = BUILT_PRODUCTS_DIR; };
		1574BB1D2D164C5D00D6C38E /* Tu_HikeApp.swift */ = {isa = PBXFileReference; lastKnownFileType = sourcecode.swift; path = Tu_HikeApp.swift; sourceTree = "<group>"; };
		1574BB1F2D164C5D00D6C38E /* ContentView.swift */ = {isa = PBXFileReference; lastKnownFileType = sourcecode.swift; path = ContentView.swift; sourceTree = "<group>"; };
		1574BB212D164C6000D6C38E /* Assets.xcassets */ = {isa = PBXFileReference; lastKnownFileType = folder.assetcatalog; path = Assets.xcassets; sourceTree = "<group>"; };
		1574BB242D164C6000D6C38E /* Preview Assets.xcassets */ = {isa = PBXFileReference; lastKnownFileType = folder.assetcatalog; path = "Preview Assets.xcassets"; sourceTree = "<group>"; };
		1574BB2D2D16554800D6C38E /* CardView.swift */ = {isa = PBXFileReference; lastKnownFileType = sourcecode.swift; path = CardView.swift; sourceTree = "<group>"; };
		1574BB302D16571D00D6C38E /* CustomBackgroundview.swift */ = {isa = PBXFileReference; lastKnownFileType = sourcecode.swift; path = CustomBackgroundview.swift; sourceTree = "<group>"; };
		1574BB332D165E9F00D6C38E /* Color+Extention.swift */ = {isa = PBXFileReference; lastKnownFileType = sourcecode.swift; path = "Color+Extention.swift"; sourceTree = "<group>"; };
/* End PBXFileReference section */

/* Begin PBXFrameworksBuildPhase section */
		1574BB172D164C5D00D6C38E /* Frameworks */ = {
			isa = PBXFrameworksBuildPhase;
			buildActionMask = 2147483647;
			files = (
			);
			runOnlyForDeploymentPostprocessing = 0;
		};
/* End PBXFrameworksBuildPhase section */

/* Begin PBXGroup section */
		1574BB112D164C5D00D6C38E = {
			isa = PBXGroup;
			children = (
				1574BB1C2D164C5D00D6C38E /* Tu Hike */,
				1574BB1B2D164C5D00D6C38E /* Products */,
			);
			sourceTree = "<group>";
		};
		1574BB1B2D164C5D00D6C38E /* Products */ = {
			isa = PBXGroup;
			children = (
				1574BB1A2D164C5D00D6C38E /* Tu Hike.app */,
			);
			name = Products;
			sourceTree = "<group>";
		};
		1574BB1C2D164C5D00D6C38E /* Tu Hike */ = {
			isa = PBXGroup;
			children = (
				1574BB322D165E3F00D6C38E /* Uitility */,
				1574BB1D2D164C5D00D6C38E /* Tu_HikeApp.swift */,
				1574BB1F2D164C5D00D6C38E /* ContentView.swift */,
				1574BB212D164C6000D6C38E /* Assets.xcassets */,
				1574BB232D164C6000D6C38E /* Preview Content */,
				1574BB2F2D1656D100D6C38E /* Component */,
			);
			path = "Tu Hike";
			sourceTree = "<group>";
		};
		1574BB232D164C6000D6C38E /* Preview Content */ = {
			isa = PBXGroup;
			children = (
				1574BB242D164C6000D6C38E /* Preview Assets.xcassets */,
			);
			path = "Preview Content";
			sourceTree = "<group>";
		};
		1574BB2F2D1656D100D6C38E /* Component */ = {
			isa = PBXGroup;
			children = (
				1574BB2D2D16554800D6C38E /* CardView.swift */,
				1574BB302D16571D00D6C38E /* CustomBackgroundview.swift */,
			);
			path = Component;
			sourceTree = "<group>";
		};
		1574BB322D165E3F00D6C38E /* Uitility */ = {
			isa = PBXGroup;
			children = (
				1574BB332D165E9F00D6C38E /* Color+Extention.swift */,
			);
			path = Uitility;
			sourceTree = "<group>";
		};
/* End PBXGroup section */

/* Begin PBXNativeTarget section */
		1574BB192D164C5D00D6C38E /* Tu Hike */ = {
			isa = PBXNativeTarget;
			buildConfigurationList = 1574BB282D164C6000D6C38E /* Build configuration list for PBXNativeTarget "Tu Hike" */;
			buildPhases = (
				1574BB162D164C5D00D6C38E /* Sources */,
				1574BB172D164C5D00D6C38E /* Frameworks */,
				1574BB182D164C5D00D6C38E /* Resources */,
			);
			buildRules = (
			);
			dependencies = (
			);
			name = "Tu Hike";
			productName = "Tu Hike";
			productReference = 1574BB1A2D164C5D00D6C38E /* Tu Hike.app */;
			productType = "com.apple.product-type.application";
		};
/* End PBXNativeTarget section */

/* Begin PBXProject section */
		1574BB122D164C5D00D6C38E /* Project object */ = {
			isa = PBXProject;
			attributes = {
				BuildIndependentTargetsInParallel = 1;
				LastSwiftUpdateCheck = 1540;
				LastUpgradeCheck = 1540;
				TargetAttributes = {
					1574BB192D164C5D00D6C38E = {
						CreatedOnToolsVersion = 15.4;
					};
				};
			};
			buildConfigurationList = 1574BB152D164C5D00D6C38E /* Build configuration list for PBXProject "Tu Hike" */;
			compatibilityVersion = "Xcode 14.0";
			developmentRegion = en;
			hasScannedForEncodings = 0;
			knownRegions = (
				en,
				Base,
			);
			mainGroup = 1574BB112D164C5D00D6C38E;
			productRefGroup = 1574BB1B2D164C5D00D6C38E /* Products */;
			projectDirPath = "";
			projectRoot = "";
			targets = (
				1574BB192D164C5D00D6C38E /* Tu Hike */,
			);
		};
/* End PBXProject section */

/* Begin PBXResourcesBuildPhase section */
		1574BB182D164C5D00D6C38E /* Resources */ = {
			isa = PBXResourcesBuildPhase;
			buildActionMask = 2147483647;
			files = (
				1574BB252D164C6000D6C38E /* Preview Assets.xcassets in Resources */,
				1574BB222D164C6000D6C38E /* Assets.xcassets in Resources */,
			);
			runOnlyForDeploymentPostprocessing = 0;
		};
/* End PBXResourcesBuildPhase section */

/* Begin PBXSourcesBuildPhase section */
		1574BB162D164C5D00D6C38E /* Sources */ = {
			isa = PBXSourcesBuildPhase;
			buildActionMask = 2147483647;
			files = (
				1574BB202D164C5D00D6C38E /* ContentView.swift in Sources */,
				1574BB342D165E9F00D6C38E /* Color+Extention.swift in Sources */,
				1574BB2E2D16554800D6C38E /* CardView.swift in Sources */,
				1574BB1E2D164C5D00D6C38E /* Tu_HikeApp.swift in Sources */,
				1574BB312D16571D00D6C38E /* CustomBackgroundview.swift in Sources */,
			);
			runOnlyForDeploymentPostprocessing = 0;
		};
/* End PBXSourcesBuildPhase section */

/* Begin XCBuildConfiguration section */
		1574BB262D164C6000D6C38E /* Debug */ = {
			isa = XCBuildConfiguration;
			buildSettings = {
				ALWAYS_SEARCH_USER_PATHS = NO;
				ASSETCATALOG_COMPILER_GENERATE_SWIFT_ASSET_SYMBOL_EXTENSIONS = YES;
				CLANG_ANALYZER_NONNULL = YES;
				CLANG_ANALYZER_NUMBER_OBJECT_CONVERSION = YES_AGGRESSIVE;
				CLANG_CXX_LANGUAGE_STANDARD = "gnu++20";
				CLANG_ENABLE_MODULES = YES;
				CLANG_ENABLE_OBJC_ARC = YES;
				CLANG_ENABLE_OBJC_WEAK = YES;
				CLANG_WARN_BLOCK_CAPTURE_AUTORELEASING = YES;
				CLANG_WARN_BOOL_CONVERSION = YES;
				CLANG_WARN_COMMA = YES;
				CLANG_WARN_CONSTANT_CONVERSION = YES;
				CLANG_WARN_DEPRECATED_OBJC_IMPLEMENTATIONS = YES;
				CLANG_WARN_DIRECT_OBJC_ISA_USAGE = YES_ERROR;
				CLANG_WARN_DOCUMENTATION_COMMENTS = YES;
				CLANG_WARN_EMPTY_BODY = YES;
				CLANG_WARN_ENUM_CONVERSION = YES;
				CLANG_WARN_INFINITE_RECURSION = YES;
				CLANG_WARN_INT_CONVERSION = YES;
				CLANG_WARN_NON_LITERAL_NULL_CONVERSION = YES;
				CLANG_WARN_OBJC_IMPLICIT_RETAIN_SELF = YES;
				CLANG_WARN_OBJC_LITERAL_CONVERSION = YES;
				CLANG_WARN_OBJC_ROOT_CLASS = YES_ERROR;
				CLANG_WARN_QUOTED_INCLUDE_IN_FRAMEWORK_HEADER = YES;
				CLANG_WARN_RANGE_LOOP_ANALYSIS = YES;
				CLANG_WARN_STRICT_PROTOTYPES = YES;
				CLANG_WARN_SUSPICIOUS_MOVE = YES;
				CLANG_WARN_UNGUARDED_AVAILABILITY = YES_AGGRESSIVE;
				CLANG_WARN_UNREACHABLE_CODE = YES;
				CLANG_WARN__DUPLICATE_METHOD_MATCH = YES;
				COPY_PHASE_STRIP = NO;
				DEBUG_INFORMATION_FORMAT = dwarf;
				ENABLE_STRICT_OBJC_MSGSEND = YES;
				ENABLE_TESTABILITY = YES;
				ENABLE_USER_SCRIPT_SANDBOXING = YES;
				GCC_C_LANGUAGE_STANDARD = gnu17;
				GCC_DYNAMIC_NO_PIC = NO;
				GCC_NO_COMMON_BLOCKS = YES;
				GCC_OPTIMIZATION_LEVEL = 0;
				GCC_PREPROCESSOR_DEFINITIONS = (
					"DEBUG=1",
					"$(inherited)",
				);
				GCC_WARN_64_TO_32_BIT_CONVERSION = YES;
				GCC_WARN_ABOUT_RETURN_TYPE = YES_ERROR;
				GCC_WARN_UNDECLARED_SELECTOR = YES;
				GCC_WARN_UNINITIALIZED_AUTOS = YES_AGGRESSIVE;
				GCC_WARN_UNUSED_FUNCTION = YES;
				GCC_WARN_UNUSED_VARIABLE = YES;
				IPHONEOS_DEPLOYMENT_TARGET = 17.5;
				LOCALIZATION_PREFERS_STRING_CATALOGS = YES;
				MTL_ENABLE_DEBUG_INFO = INCLUDE_SOURCE;
				MTL_FAST_MATH = YES;
				ONLY_ACTIVE_ARCH = YES;
				SDKROOT = iphoneos;
				SWIFT_ACTIVE_COMPILATION_CONDITIONS = "DEBUG $(inherited)";
				SWIFT_OPTIMIZATION_LEVEL = "-Onone";
			};
			name = Debug;
		};
		1574BB272D164C6000D6C38E /* Release */ = {
			isa = XCBuildConfiguration;
			buildSettings = {
				ALWAYS_SEARCH_USER_PATHS = NO;
				ASSETCATALOG_COMPILER_GENERATE_SWIFT_ASSET_SYMBOL_EXTENSIONS = YES;
				CLANG_ANALYZER_NONNULL = YES;
				CLANG_ANALYZER_NUMBER_OBJECT_CONVERSION = YES_AGGRESSIVE;
				CLANG_CXX_LANGUAGE_STANDARD = "gnu++20";
				CLANG_ENABLE_MODULES = YES;
				CLANG_ENABLE_OBJC_ARC = YES;
				CLANG_ENABLE_OBJC_WEAK = YES;
				CLANG_WARN_BLOCK_CAPTURE_AUTORELEASING = YES;
				CLANG_WARN_BOOL_CONVERSION = YES;
				CLANG_WARN_COMMA = YES;
				CLANG_WARN_CONSTANT_CONVERSION = YES;
				CLANG_WARN_DEPRECATED_OBJC_IMPLEMENTATIONS = YES;
				CLANG_WARN_DIRECT_OBJC_ISA_USAGE = YES_ERROR;
				CLANG_WARN_DOCUMENTATION_COMMENTS = YES;
				CLANG_WARN_EMPTY_BODY = YES;
				CLANG_WARN_ENUM_CONVERSION = YES;
				CLANG_WARN_INFINITE_RECURSION = YES;
				CLANG_WARN_INT_CONVERSION = YES;
				CLANG_WARN_NON_LITERAL_NULL_CONVERSION = YES;
				CLANG_WARN_OBJC_IMPLICIT_RETAIN_SELF = YES;
				CLANG_WARN_OBJC_LITERAL_CONVERSION = YES;
				CLANG_WARN_OBJC_ROOT_CLASS = YES_ERROR;
				CLANG_WARN_QUOTED_INCLUDE_IN_FRAMEWORK_HEADER = YES;
				CLANG_WARN_RANGE_LOOP_ANALYSIS = YES;
				CLANG_WARN_STRICT_PROTOTYPES = YES;
				CLANG_WARN_SUSPICIOUS_MOVE = YES;
				CLANG_WARN_UNGUARDED_AVAILABILITY = YES_AGGRESSIVE;
				CLANG_WARN_UNREACHABLE_CODE = YES;
				CLANG_WARN__DUPLICATE_METHOD_MATCH = YES;
				COPY_PHASE_STRIP = NO;
				DEBUG_INFORMATION_FORMAT = "dwarf-with-dsym";
				ENABLE_NS_ASSERTIONS = NO;
				ENABLE_STRICT_OBJC_MSGSEND = YES;
				ENABLE_USER_SCRIPT_SANDBOXING = YES;
				GCC_C_LANGUAGE_STANDARD = gnu17;
				GCC_NO_COMMON_BLOCKS = YES;
				GCC_WARN_64_TO_32_BIT_CONVERSION = YES;
				GCC_WARN_ABOUT_RETURN_TYPE = YES_ERROR;
				GCC_WARN_UNDECLARED_SELECTOR = YES;
				GCC_WARN_UNINITIALIZED_AUTOS = YES_AGGRESSIVE;
				GCC_WARN_UNUSED_FUNCTION = YES;
				GCC_WARN_UNUSED_VARIABLE = YES;
				IPHONEOS_DEPLOYMENT_TARGET = 17.5;
				LOCALIZATION_PREFERS_STRING_CATALOGS = YES;
				MTL_ENABLE_DEBUG_INFO = NO;
				MTL_FAST_MATH = YES;
				SDKROOT = iphoneos;
				SWIFT_COMPILATION_MODE = wholemodule;
				VALIDATE_PRODUCT = YES;
			};
			name = Release;
		};
		1574BB292D164C6000D6C38E /* Debug */ = {
			isa = XCBuildConfiguration;
			buildSettings = {
				ASSETCATALOG_COMPILER_APPICON_NAME = AppIcon;
				ASSETCATALOG_COMPILER_GLOBAL_ACCENT_COLOR_NAME = AccentColor;
				CODE_SIGN_STYLE = Automatic;
				CURRENT_PROJECT_VERSION = 1;
				DEVELOPMENT_ASSET_PATHS = "\"Tu Hike/Preview Content\"";
				DEVELOPMENT_TEAM = 88966CQ476;
				ENABLE_PREVIEWS = YES;
				GENERATE_INFOPLIST_FILE = YES;
				INFOPLIST_KEY_UIApplicationSceneManifest_Generation = YES;
				INFOPLIST_KEY_UIApplicationSupportsIndirectInputEvents = YES;
				INFOPLIST_KEY_UILaunchScreen_Generation = YES;
				INFOPLIST_KEY_UISupportedInterfaceOrientations_iPad = "UIInterfaceOrientationPortrait UIInterfaceOrientationPortraitUpsideDown UIInterfaceOrientationLandscapeLeft UIInterfaceOrientationLandscapeRight";
				INFOPLIST_KEY_UISupportedInterfaceOrientations_iPhone = "UIInterfaceOrientationPortrait UIInterfaceOrientationLandscapeLeft UIInterfaceOrientationLandscapeRight";
				LD_RUNPATH_SEARCH_PATHS = (
					"$(inherited)",
					"@executable_path/Frameworks",
				);
				MARKETING_VERSION = 1.0;
				PRODUCT_BUNDLE_IDENTIFIER = "ahmed-elgndy.Tu-Hike";
				PRODUCT_NAME = "$(TARGET_NAME)";
				SWIFT_EMIT_LOC_STRINGS = YES;
				SWIFT_VERSION = 5.0;
				TARGETED_DEVICE_FAMILY = "1,2";
			};
			name = Debug;
		};
		1574BB2A2D164C6000D6C38E /* Release */ = {
			isa = XCBuildConfiguration;
			buildSettings = {
				ASSETCATALOG_COMPILER_APPICON_NAME = AppIcon;
				ASSETCATALOG_COMPILER_GLOBAL_ACCENT_COLOR_NAME = AccentColor;
				CODE_SIGN_STYLE = Automatic;
				CURRENT_PROJECT_VERSION = 1;
				DEVELOPMENT_ASSET_PATHS = "\"Tu Hike/Preview Content\"";
				DEVELOPMENT_TEAM = 88966CQ476;
				ENABLE_PREVIEWS = YES;
				GENERATE_INFOPLIST_FILE = YES;
				INFOPLIST_KEY_UIApplicationSceneManifest_Generation = YES;
				INFOPLIST_KEY_UIApplicationSupportsIndirectInputEvents = YES;
				INFOPLIST_KEY_UILaunchScreen_Generation = YES;
				INFOPLIST_KEY_UISupportedInterfaceOrientations_iPad = "UIInterfaceOrientationPortrait UIInterfaceOrientationPortraitUpsideDown UIInterfaceOrientationLandscapeLeft UIInterfaceOrientationLandscapeRight";
				INFOPLIST_KEY_UISupportedInterfaceOrientations_iPhone = "UIInterfaceOrientationPortrait UIInterfaceOrientationLandscapeLeft UIInterfaceOrientationLandscapeRight";
				LD_RUNPATH_SEARCH_PATHS = (
					"$(inherited)",
					"@executable_path/Frameworks",
				);
				MARKETING_VERSION = 1.0;
				PRODUCT_BUNDLE_IDENTIFIER = "ahmed-elgndy.Tu-Hike";
				PRODUCT_NAME = "$(TARGET_NAME)";
				SWIFT_EMIT_LOC_STRINGS = YES;
				SWIFT_VERSION = 5.0;
				TARGETED_DEVICE_FAMILY = "1,2";
			};
			name = Release;
		};
/* End XCBuildConfiguration section */

/* Begin XCConfigurationList section */
		1574BB152D164C5D00D6C38E /* Build configuration list for PBXProject "Tu Hike" */ = {
			isa = XCConfigurationList;
			buildConfigurations = (
				1574BB262D164C6000D6C38E /* Debug */,
				1574BB272D164C6000D6C38E /* Release */,
			);
			defaultConfigurationIsVisible = 0;
			defaultConfigurationName = Release;
		};
		1574BB282D164C6000D6C38E /* Build configuration list for PBXNativeTarget "Tu Hike" */ = {
			isa = XCConfigurationList;
			buildConfigurations = (
				1574BB292D164C6000D6C38E /* Debug */,
				1574BB2A2D164C6000D6C38E /* Release */,
			);
			defaultConfigurationIsVisible = 0;
			defaultConfigurationName = Release;
		};
/* End XCConfigurationList section */
	};
	rootObject = 1574BB122D164C5D00D6C38E /* Project object */;
}
